
Microsoft Visual Studio Solution File, Format Version 12.00
# Visual Studio 14
VisualStudioVersion = 14.0.25420.1
MinimumVisualStudioVersion = 10.0.40219.1
Project("{FAE04EC0-301F-11D3-BF4B-00C04F79EFBC}") = "DependencyAttribute", "DependencyAttribute\DependencyAttribute.csproj", "{83EAF79E-6776-4A34-A01C-F3EAA3E37D0E}"
EndProject
Project("{FAE04EC0-301F-11D3-BF4B-00C04F79EFBC}") = "ExtensionAttribute", "ExtensionAttribute\ExtensionAttribute.csproj", "{8A97E467-52AD-4F7F-9292-E8D1DBAE9D08}"
EndProject
Project("{FAE04EC0-301F-11D3-BF4B-00C04F79EFBC}") = "ValueConverterDemo", "ValueConverterDemo\ValueConverterDemo.csproj", "{5BD96B26-B41C-4AF5-86DA-E7FD5806B96C}"
EndProject
Project("{FAE04EC0-301F-11D3-BF4B-00C04F79EFBC}") = "ListViewBinding", "ListViewBinding\ListViewBinding.csproj", "{3ED214E4-9F53-46FB-A119-72AEFC208572}"
EndProject
Project("{FAE04EC0-301F-11D3-BF4B-00C04F79EFBC}") = "TestPartial", "TestPartial\TestPartial.csproj", "{0939DB81-F791-4C44-8AB5-7A73C9861D36}"
EndProject
Global
	GlobalSection(SolutionConfigurationPlatforms) = preSolution
		Debug|Any CPU = Debug|Any CPU
		Release|Any CPU = Release|Any CPU
	EndGlobalSection
	GlobalSection(ProjectConfigurationPlatforms) = postSolution
		{83EAF79E-6776-4A34-A01C-F3EAA3E37D0E}.Debug|Any CPU.ActiveCfg = Debug|Any CPU
		{83EAF79E-6776-4A34-A01C-F3EAA3E37D0E}.Debug|Any CPU.Build.0 = Debug|Any CPU
		{83EAF79E-6776-4A34-A01C-F3EAA3E37D0E}.Release|Any CPU.ActiveCfg = Release|Any CPU
		{83EAF79E-6776-4A34-A01C-F3EAA3E37D0E}.Release|Any CPU.Build.0 = Release|Any CPU
		{8A97E467-52AD-4F7F-9292-E8D1DBAE9D08}.Debug|Any CPU.ActiveCfg = Debug|Any CPU
		{8A97E467-52AD-4F7F-9292-E8D1DBAE9D08}.Debug|Any CPU.Build.0 = Debug|Any CPU
		{8A97E467-52AD-4F7F-9292-E8D1DBAE9D08}.Release|Any CPU.ActiveCfg = Release|Any CPU
		{8A97E467-52AD-4F7F-9292-E8D1DBAE9D08}.Release|Any CPU.Build.0 = Release|Any CPU
		{5BD96B26-B41C-4AF5-86DA-E7FD5806B96C}.Debug|Any CPU.ActiveCfg = Debug|Any CPU
		{5BD96B26-B41C-4AF5-86DA-E7FD5806B96C}.Debug|Any CPU.Build.0 = Debug|Any CPU
		{5BD96B26-B41C-4AF5-86DA-E7FD5806B96C}.Release|Any CPU.ActiveCfg = Release|Any CPU
		{5BD96B26-B41C-4AF5-86DA-E7FD5806B96C}.Release|Any CPU.Build.0 = Release|Any CPU
		{3ED214E4-9F53-46FB-A119-72AEFC208572}.Debug|Any CPU.ActiveCfg = Debug|Any CPU
		{3ED214E4-9F53-46FB-A119-72AEFC208572}.Debug|Any CPU.Build.0 = Debug|Any CPU
		{3ED214E4-9F53-46FB-A119-72AEFC208572}.Release|Any CPU.ActiveCfg = Release|Any CPU
		{3ED214E4-9F53-46FB-A119-72AEFC208572}.Release|Any CPU.Build.0 = Release|Any CPU
		{0939DB81-F791-4C44-8AB5-7A73C9861D36}.Debug|Any CPU.ActiveCfg = Debug|Any CPU
		{0939DB81-F791-4C44-8AB5-7A73C9861D36}.Debug|Any CPU.Build.0 = Debug|Any CPU
		{0939DB81-F791-4C44-8AB5-7A73C9861D36}.Release|Any CPU.ActiveCfg = Release|Any CPU
		{0939DB81-F791-4C44-8AB5-7A73C9861D36}.Release|Any CPU.Build.0 = Release|Any CPU
	EndGlobalSection
	GlobalSection(SolutionProperties) = preSolution
		HideSolutionNode = FALSE
	EndGlobalSection
EndGlobal
